// !$*UTF8*$!
{
	archiveVersion = 1;
	classes = {
	};
	objectVersion = 77;
	objects = {

/* Begin PBXBuildFile section */
		69001E902DDC2BEB0048F28A /* TicketCheckResult.swift in Sources */ = {isa = PBXBuildFile; fileRef = 69001E8F2DDC2BE30048F28A /* TicketCheckResult.swift */; };
		69001E952DDC36160048F28A /* GroupResultsView.swift in Sources */ = {isa = PBXBuildFile; fileRef = 69001E922DDC36160048F28A /* GroupResultsView.swift */; };
		69001E962DDC36160048F28A /* GroupResultsViewModel.swift in Sources */ = {isa = PBXBuildFile; fileRef = 69001E932DDC36160048F28A /* GroupResultsViewModel.swift */; };
		69001E972DDC36160048F28A /* GroupResultsHostModel.swift in Sources */ = {isa = PBXBuildFile; fileRef = 69001E912DDC36160048F28A /* GroupResultsHostModel.swift */; };
		69001E992DDC37880048F28A /* StudentResult.swift in Sources */ = {isa = PBXBuildFile; fileRef = 69001E982DDC37770048F28A /* StudentResult.swift */; };
		69001E9D2DDC393B0048F28A /* GroupName.swift in Sources */ = {isa = PBXBuildFile; fileRef = 69001E9C2DDC39380048F28A /* GroupName.swift */; };
		691532E42DCFCB3B00742CD7 /* Assets.xcassets in Resources */ = {isa = PBXBuildFile; fileRef = 691532E02DCFCB3B00742CD7 /* Assets.xcassets */; };
		691532E52DCFCB3B00742CD7 /* InitView.swift in Sources */ = {isa = PBXBuildFile; fileRef = 691532E12DCFCB3B00742CD7 /* InitView.swift */; };
		691532E62DCFCB3B00742CD7 /* Testing_SystemApp.swift in Sources */ = {isa = PBXBuildFile; fileRef = 691532E22DCFCB3B00742CD7 /* Testing_SystemApp.swift */; };
		691532ED2DCFCE7A00742CD7 /* KeychainSwift in Frameworks */ = {isa = PBXBuildFile; productRef = 691532EC2DCFCE7A00742CD7 /* KeychainSwift */; };
		691532EF2DCFCE9000742CD7 /* AppManager.swift in Sources */ = {isa = PBXBuildFile; fileRef = 691532EE2DCFCE9000742CD7 /* AppManager.swift */; };
		691532F12DCFCE9C00742CD7 /* Store.swift in Sources */ = {isa = PBXBuildFile; fileRef = 691532F02DCFCE9C00742CD7 /* Store.swift */; };
		691532F42DCFCF2300742CD7 /* String+Utils.swift in Sources */ = {isa = PBXBuildFile; fileRef = 691532F32DCFCF1F00742CD7 /* String+Utils.swift */; };
		691532F92DCFE2BD00742CD7 /* InitViewModel.swift in Sources */ = {isa = PBXBuildFile; fileRef = 691532F82DCFE2BA00742CD7 /* InitViewModel.swift */; };
		691532FB2DCFE9F200742CD7 /* InitHostModel.swift in Sources */ = {isa = PBXBuildFile; fileRef = 691532FA2DCFE9E800742CD7 /* InitHostModel.swift */; };
		691533012DD0664A00742CD7 /* Combine.framework in Frameworks */ = {isa = PBXBuildFile; fileRef = 691533002DD0664A00742CD7 /* Combine.framework */; };
		691533032DD0664F00742CD7 /* SwiftUI.framework in Frameworks */ = {isa = PBXBuildFile; fileRef = 691533022DD0664F00742CD7 /* SwiftUI.framework */; };
		691533062DD066BC00742CD7 /* BaseHostModel.swift in Sources */ = {isa = PBXBuildFile; fileRef = 691533052DD066B900742CD7 /* BaseHostModel.swift */; };
		6915330A2DD0680200742CD7 /* LoginView.swift in Sources */ = {isa = PBXBuildFile; fileRef = 691533082DD0680200742CD7 /* LoginView.swift */; };
		6915330B2DD0680200742CD7 /* LoginHostModel.swift in Sources */ = {isa = PBXBuildFile; fileRef = 691533072DD0680200742CD7 /* LoginHostModel.swift */; };
		6915330C2DD0680200742CD7 /* LoginViewModel.swift in Sources */ = {isa = PBXBuildFile; fileRef = 691533092DD0680200742CD7 /* LoginViewModel.swift */; };
		6915330F2DD0697B00742CD7 /* NiceComponents in Frameworks */ = {isa = PBXBuildFile; productRef = 6915330E2DD0697B00742CD7 /* NiceComponents */; };
		691533112DD0697B00742CD7 /* NiceInit in Frameworks */ = {isa = PBXBuildFile; productRef = 691533102DD0697B00742CD7 /* NiceInit */; };
		691533132DD06BAF00742CD7 /* SerialTasks.swift in Sources */ = {isa = PBXBuildFile; fileRef = 691533122DD06BAF00742CD7 /* SerialTasks.swift */; };
		691533182DD06E1200742CD7 /* SignupHostModel.swift in Sources */ = {isa = PBXBuildFile; fileRef = 691533142DD06E1200742CD7 /* SignupHostModel.swift */; };
		691533192DD06E1200742CD7 /* SignupView.swift in Sources */ = {isa = PBXBuildFile; fileRef = 691533152DD06E1200742CD7 /* SignupView.swift */; };
		6915331A2DD06E1200742CD7 /* SignupViewModel.swift in Sources */ = {isa = PBXBuildFile; fileRef = 691533162DD06E1200742CD7 /* SignupViewModel.swift */; };
		6915331C2DD07A4300742CD7 /* BackNavigation.swift in Sources */ = {isa = PBXBuildFile; fileRef = 6915331B2DD07A3300742CD7 /* BackNavigation.swift */; };
		69655FAB2DD157430080AE16 /* CoursesViewModel.swift in Sources */ = {isa = PBXBuildFile; fileRef = 69655FA92DD157430080AE16 /* CoursesViewModel.swift */; };
		69655FAC2DD157430080AE16 /* CoursesView.swift in Sources */ = {isa = PBXBuildFile; fileRef = 69655FA82DD157430080AE16 /* CoursesView.swift */; };
		69655FAD2DD157430080AE16 /* CoursesHostModel.swift in Sources */ = {isa = PBXBuildFile; fileRef = 69655FA72DD157430080AE16 /* CoursesHostModel.swift */; };
		69655FB02DD15BF70080AE16 /* SignupRequest.swift in Sources */ = {isa = PBXBuildFile; fileRef = 69655FAF2DD15BF10080AE16 /* SignupRequest.swift */; };
		69655FB32DD15C150080AE16 /* APIConnector.swift in Sources */ = {isa = PBXBuildFile; fileRef = 69655FB22DD15C100080AE16 /* APIConnector.swift */; };
		69655FB52DD15C630080AE16 /* URLBuilder.swift in Sources */ = {isa = PBXBuildFile; fileRef = 69655FB42DD15C5F0080AE16 /* URLBuilder.swift */; };
		69655FB72DD160E30080AE16 /* LoginResponse.swift in Sources */ = {isa = PBXBuildFile; fileRef = 69655FB62DD160DF0080AE16 /* LoginResponse.swift */; };
		69655FB92DD161370080AE16 /* LoginRequest.swift in Sources */ = {isa = PBXBuildFile; fileRef = 69655FB82DD161370080AE16 /* LoginRequest.swift */; };
		69655FBB2DD16CB00080AE16 /* Course.swift in Sources */ = {isa = PBXBuildFile; fileRef = 69655FBA2DD16CA70080AE16 /* Course.swift */; };
		69655FBD2DD16DF90080AE16 /* EmptyModel.swift in Sources */ = {isa = PBXBuildFile; fileRef = 69655FBC2DD16DF70080AE16 /* EmptyModel.swift */; };
		69655FC02DD16EFF0080AE16 /* SwipeActions in Frameworks */ = {isa = PBXBuildFile; productRef = 69655FBF2DD16EFF0080AE16 /* SwipeActions */; };
		69655FC62DD171630080AE16 /* AddEditCourseHostModel.swift in Sources */ = {isa = PBXBuildFile; fileRef = 69655FC32DD171630080AE16 /* AddEditCourseHostModel.swift */; };
		69655FC72DD171630080AE16 /* AddEditCourseViewModel.swift in Sources */ = {isa = PBXBuildFile; fileRef = 69655FC52DD171630080AE16 /* AddEditCourseViewModel.swift */; };
		69655FC82DD171630080AE16 /* AddEditCourseView.swift in Sources */ = {isa = PBXBuildFile; fileRef = 69655FC42DD171630080AE16 /* AddEditCourseView.swift */; };
		6991C5D02DDAF3DC0008A046 /* AppDelegate.swift in Sources */ = {isa = PBXBuildFile; fileRef = 6991C5CF2DDAF3DB0008A046 /* AppDelegate.swift */; };
		69B128992DD902E100D09ED0 /* Question.swift in Sources */ = {isa = PBXBuildFile; fileRef = 69B128982DD902DD00D09ED0 /* Question.swift */; };
		69B128B42DD90B4D00D09ED0 /* TicketsView.swift in Sources */ = {isa = PBXBuildFile; fileRef = 69B128AF2DD90B4D00D09ED0 /* TicketsView.swift */; };
		69B128B52DD90B4D00D09ED0 /* TicketsViewModel.swift in Sources */ = {isa = PBXBuildFile; fileRef = 69B128B02DD90B4D00D09ED0 /* TicketsViewModel.swift */; };
		69B128B62DD90B4D00D09ED0 /* QuestionsView.swift in Sources */ = {isa = PBXBuildFile; fileRef = 69B128AA2DD90B4D00D09ED0 /* QuestionsView.swift */; };
		69B128B72DD90B4D00D09ED0 /* TicketsHostModel.swift in Sources */ = {isa = PBXBuildFile; fileRef = 69B128AE2DD90B4D00D09ED0 /* TicketsHostModel.swift */; };
		69B128B82DD90B4D00D09ED0 /* AddEditQuestionView.swift in Sources */ = {isa = PBXBuildFile; fileRef = 69B128A62DD90B4D00D09ED0 /* AddEditQuestionView.swift */; };
		69B128B92DD90B4D00D09ED0 /* CourseViewModel.swift in Sources */ = {isa = PBXBuildFile; fileRef = 69B128A32DD90B4D00D09ED0 /* CourseViewModel.swift */; };
		69B128BA2DD90B4D00D09ED0 /* QuestionsViewModel.swift in Sources */ = {isa = PBXBuildFile; fileRef = 69B128AB2DD90B4D00D09ED0 /* QuestionsViewModel.swift */; };
		69B128BB2DD90B4D00D09ED0 /* QuestionsHostModel.swift in Sources */ = {isa = PBXBuildFile; fileRef = 69B128A92DD90B4D00D09ED0 /* QuestionsHostModel.swift */; };
		69B128BC2DD90B4D00D09ED0 /* CourseHostModel.swift in Sources */ = {isa = PBXBuildFile; fileRef = 69B128A12DD90B4D00D09ED0 /* CourseHostModel.swift */; };
		69B128BD2DD90B4D00D09ED0 /* AddEditQuestionViewModel.swift in Sources */ = {isa = PBXBuildFile; fileRef = 69B128A72DD90B4D00D09ED0 /* AddEditQuestionViewModel.swift */; };
		69B128BE2DD90B4D00D09ED0 /* CourseView.swift in Sources */ = {isa = PBXBuildFile; fileRef = 69B128A22DD90B4D00D09ED0 /* CourseView.swift */; };
		69B128BF2DD90B4D00D09ED0 /* AddEditQuestionHostModel.swift in Sources */ = {isa = PBXBuildFile; fileRef = 69B128A52DD90B4D00D09ED0 /* AddEditQuestionHostModel.swift */; };
		69B128C12DD91D5800D09ED0 /* Ticket.swift in Sources */ = {isa = PBXBuildFile; fileRef = 69B128C02DD91D5600D09ED0 /* Ticket.swift */; };
		69B128C62DD9203C00D09ED0 /* AddEditTicketViewModel.swift in Sources */ = {isa = PBXBuildFile; fileRef = 69B128C42DD9203C00D09ED0 /* AddEditTicketViewModel.swift */; };
		69B128C72DD9203C00D09ED0 /* AddEditTicketHostModel.swift in Sources */ = {isa = PBXBuildFile; fileRef = 69B128C22DD9203C00D09ED0 /* AddEditTicketHostModel.swift */; };
		69B128C82DD9203C00D09ED0 /* AddEditTicketView.swift in Sources */ = {isa = PBXBuildFile; fileRef = 69B128C32DD9203C00D09ED0 /* AddEditTicketView.swift */; };
		69B128CC2DD9390A00D09ED0 /* ShareSheet.swift in Sources */ = {isa = PBXBuildFile; fileRef = 69B128CB2DD9390900D09ED0 /* ShareSheet.swift */; };
		69B128CF2DD9535800D09ED0 /* MijickCamera in Frameworks */ = {isa = PBXBuildFile; productRef = 69B128CE2DD9535800D09ED0 /* MijickCamera */; };
		69B128D42DD954D900D09ED0 /* VerifyTicketHostModel.swift in Sources */ = {isa = PBXBuildFile; fileRef = 69B128D02DD954D900D09ED0 /* VerifyTicketHostModel.swift */; };
		69B128D52DD954D900D09ED0 /* VerifyTicketView.swift in Sources */ = {isa = PBXBuildFile; fileRef = 69B128D12DD954D900D09ED0 /* VerifyTicketView.swift */; };
		69B128D62DD954D900D09ED0 /* VerifyTicketViewModel.swift in Sources */ = {isa = PBXBuildFile; fileRef = 69B128D22DD954D900D09ED0 /* VerifyTicketViewModel.swift */; };
/* End PBXBuildFile section */

/* Begin PBXFileReference section */
		69001E8F2DDC2BE30048F28A /* TicketCheckResult.swift */ = {isa = PBXFileReference; lastKnownFileType = sourcecode.swift; path = TicketCheckResult.swift; sourceTree = "<group>"; };
		69001E912DDC36160048F28A /* GroupResultsHostModel.swift */ = {isa = PBXFileReference; lastKnownFileType = sourcecode.swift; path = GroupResultsHostModel.swift; sourceTree = "<group>"; };
		69001E922DDC36160048F28A /* GroupResultsView.swift */ = {isa = PBXFileReference; lastKnownFileType = sourcecode.swift; path = GroupResultsView.swift; sourceTree = "<group>"; };
		69001E932DDC36160048F28A /* GroupResultsViewModel.swift */ = {isa = PBXFileReference; lastKnownFileType = sourcecode.swift; path = GroupResultsViewModel.swift; sourceTree = "<group>"; };
		69001E982DDC37770048F28A /* StudentResult.swift */ = {isa = PBXFileReference; lastKnownFileType = sourcecode.swift; path = StudentResult.swift; sourceTree = "<group>"; };
		69001E9C2DDC39380048F28A /* GroupName.swift */ = {isa = PBXFileReference; lastKnownFileType = sourcecode.swift; path = GroupName.swift; sourceTree = "<group>"; };
		691532E02DCFCB3B00742CD7 /* Assets.xcassets */ = {isa = PBXFileReference; lastKnownFileType = folder.assetcatalog; path = Assets.xcassets; sourceTree = "<group>"; };
		691532E12DCFCB3B00742CD7 /* InitView.swift */ = {isa = PBXFileReference; lastKnownFileType = sourcecode.swift; path = InitView.swift; sourceTree = "<group>"; };
		691532E22DCFCB3B00742CD7 /* Testing_SystemApp.swift */ = {isa = PBXFileReference; lastKnownFileType = sourcecode.swift; path = Testing_SystemApp.swift; sourceTree = "<group>"; };
		691532EE2DCFCE9000742CD7 /* AppManager.swift */ = {isa = PBXFileReference; lastKnownFileType = sourcecode.swift; path = AppManager.swift; sourceTree = "<group>"; };
		691532F02DCFCE9C00742CD7 /* Store.swift */ = {isa = PBXFileReference; lastKnownFileType = sourcecode.swift; path = Store.swift; sourceTree = "<group>"; };
		691532F32DCFCF1F00742CD7 /* String+Utils.swift */ = {isa = PBXFileReference; lastKnownFileType = sourcecode.swift; path = "String+Utils.swift"; sourceTree = "<group>"; };
		691532F82DCFE2BA00742CD7 /* InitViewModel.swift */ = {isa = PBXFileReference; lastKnownFileType = sourcecode.swift; path = InitViewModel.swift; sourceTree = "<group>"; };
		691532FA2DCFE9E800742CD7 /* InitHostModel.swift */ = {isa = PBXFileReference; lastKnownFileType = sourcecode.swift; path = InitHostModel.swift; sourceTree = "<group>"; };
		691533002DD0664A00742CD7 /* Combine.framework */ = {isa = PBXFileReference; lastKnownFileType = wrapper.framework; name = Combine.framework; path = System/Library/Frameworks/Combine.framework; sourceTree = SDKROOT; };
		691533022DD0664F00742CD7 /* SwiftUI.framework */ = {isa = PBXFileReference; lastKnownFileType = wrapper.framework; name = SwiftUI.framework; path = System/Library/Frameworks/SwiftUI.framework; sourceTree = SDKROOT; };
		691533052DD066B900742CD7 /* BaseHostModel.swift */ = {isa = PBXFileReference; lastKnownFileType = sourcecode.swift; path = BaseHostModel.swift; sourceTree = "<group>"; };
		691533072DD0680200742CD7 /* LoginHostModel.swift */ = {isa = PBXFileReference; lastKnownFileType = sourcecode.swift; path = LoginHostModel.swift; sourceTree = "<group>"; };
		691533082DD0680200742CD7 /* LoginView.swift */ = {isa = PBXFileReference; lastKnownFileType = sourcecode.swift; path = LoginView.swift; sourceTree = "<group>"; };
		691533092DD0680200742CD7 /* LoginViewModel.swift */ = {isa = PBXFileReference; lastKnownFileType = sourcecode.swift; path = LoginViewModel.swift; sourceTree = "<group>"; };
		691533122DD06BAF00742CD7 /* SerialTasks.swift */ = {isa = PBXFileReference; lastKnownFileType = sourcecode.swift; path = SerialTasks.swift; sourceTree = "<group>"; };
		691533142DD06E1200742CD7 /* SignupHostModel.swift */ = {isa = PBXFileReference; lastKnownFileType = sourcecode.swift; path = SignupHostModel.swift; sourceTree = "<group>"; };
		691533152DD06E1200742CD7 /* SignupView.swift */ = {isa = PBXFileReference; lastKnownFileType = sourcecode.swift; path = SignupView.swift; sourceTree = "<group>"; };
		691533162DD06E1200742CD7 /* SignupViewModel.swift */ = {isa = PBXFileReference; lastKnownFileType = sourcecode.swift; path = SignupViewModel.swift; sourceTree = "<group>"; };
		6915331B2DD07A3300742CD7 /* BackNavigation.swift */ = {isa = PBXFileReference; lastKnownFileType = sourcecode.swift; path = BackNavigation.swift; sourceTree = "<group>"; };
		69655FA72DD157430080AE16 /* CoursesHostModel.swift */ = {isa = PBXFileReference; lastKnownFileType = sourcecode.swift; path = CoursesHostModel.swift; sourceTree = "<group>"; };
		69655FA82DD157430080AE16 /* CoursesView.swift */ = {isa = PBXFileReference; lastKnownFileType = sourcecode.swift; path = CoursesView.swift; sourceTree = "<group>"; };
		69655FA92DD157430080AE16 /* CoursesViewModel.swift */ = {isa = PBXFileReference; lastKnownFileType = sourcecode.swift; path = CoursesViewModel.swift; sourceTree = "<group>"; };
		69655FAF2DD15BF10080AE16 /* SignupRequest.swift */ = {isa = PBXFileReference; lastKnownFileType = sourcecode.swift; path = SignupRequest.swift; sourceTree = "<group>"; };
		69655FB22DD15C100080AE16 /* APIConnector.swift */ = {isa = PBXFileReference; lastKnownFileType = sourcecode.swift; path = APIConnector.swift; sourceTree = "<group>"; };
		69655FB42DD15C5F0080AE16 /* URLBuilder.swift */ = {isa = PBXFileReference; lastKnownFileType = sourcecode.swift; path = URLBuilder.swift; sourceTree = "<group>"; };
		69655FB62DD160DF0080AE16 /* LoginResponse.swift */ = {isa = PBXFileReference; lastKnownFileType = sourcecode.swift; path = LoginResponse.swift; sourceTree = "<group>"; };
		69655FB82DD161370080AE16 /* LoginRequest.swift */ = {isa = PBXFileReference; lastKnownFileType = sourcecode.swift; path = LoginRequest.swift; sourceTree = "<group>"; };
		69655FBA2DD16CA70080AE16 /* Course.swift */ = {isa = PBXFileReference; lastKnownFileType = sourcecode.swift; path = Course.swift; sourceTree = "<group>"; };
		69655FBC2DD16DF70080AE16 /* EmptyModel.swift */ = {isa = PBXFileReference; lastKnownFileType = sourcecode.swift; path = EmptyModel.swift; sourceTree = "<group>"; };
		69655FC32DD171630080AE16 /* AddEditCourseHostModel.swift */ = {isa = PBXFileReference; lastKnownFileType = sourcecode.swift; path = AddEditCourseHostModel.swift; sourceTree = "<group>"; };
		69655FC42DD171630080AE16 /* AddEditCourseView.swift */ = {isa = PBXFileReference; lastKnownFileType = sourcecode.swift; path = AddEditCourseView.swift; sourceTree = "<group>"; };
		69655FC52DD171630080AE16 /* AddEditCourseViewModel.swift */ = {isa = PBXFileReference; lastKnownFileType = sourcecode.swift; path = AddEditCourseViewModel.swift; sourceTree = "<group>"; };
		69796A082DC8853700E7E72A /* Testing-System.app */ = {isa = PBXFileReference; explicitFileType = wrapper.application; includeInIndex = 0; path = "Testing-System.app"; sourceTree = BUILT_PRODUCTS_DIR; };
		6991C5CF2DDAF3DB0008A046 /* AppDelegate.swift */ = {isa = PBXFileReference; lastKnownFileType = sourcecode.swift; path = AppDelegate.swift; sourceTree = "<group>"; };
		69B128982DD902DD00D09ED0 /* Question.swift */ = {isa = PBXFileReference; lastKnownFileType = sourcecode.swift; path = Question.swift; sourceTree = "<group>"; };
		69B128A12DD90B4D00D09ED0 /* CourseHostModel.swift */ = {isa = PBXFileReference; lastKnownFileType = sourcecode.swift; path = CourseHostModel.swift; sourceTree = "<group>"; };
		69B128A22DD90B4D00D09ED0 /* CourseView.swift */ = {isa = PBXFileReference; lastKnownFileType = sourcecode.swift; path = CourseView.swift; sourceTree = "<group>"; };
		69B128A32DD90B4D00D09ED0 /* CourseViewModel.swift */ = {isa = PBXFileReference; lastKnownFileType = sourcecode.swift; path = CourseViewModel.swift; sourceTree = "<group>"; };
		69B128A52DD90B4D00D09ED0 /* AddEditQuestionHostModel.swift */ = {isa = PBXFileReference; lastKnownFileType = sourcecode.swift; path = AddEditQuestionHostModel.swift; sourceTree = "<group>"; };
		69B128A62DD90B4D00D09ED0 /* AddEditQuestionView.swift */ = {isa = PBXFileReference; lastKnownFileType = sourcecode.swift; path = AddEditQuestionView.swift; sourceTree = "<group>"; };
		69B128A72DD90B4D00D09ED0 /* AddEditQuestionViewModel.swift */ = {isa = PBXFileReference; lastKnownFileType = sourcecode.swift; path = AddEditQuestionViewModel.swift; sourceTree = "<group>"; };
		69B128A92DD90B4D00D09ED0 /* QuestionsHostModel.swift */ = {isa = PBXFileReference; lastKnownFileType = sourcecode.swift; path = QuestionsHostModel.swift; sourceTree = "<group>"; };
		69B128AA2DD90B4D00D09ED0 /* QuestionsView.swift */ = {isa = PBXFileReference; lastKnownFileType = sourcecode.swift; path = QuestionsView.swift; sourceTree = "<group>"; };
		69B128AB2DD90B4D00D09ED0 /* QuestionsViewModel.swift */ = {isa = PBXFileReference; lastKnownFileType = sourcecode.swift; path = QuestionsViewModel.swift; sourceTree = "<group>"; };
		69B128AE2DD90B4D00D09ED0 /* TicketsHostModel.swift */ = {isa = PBXFileReference; lastKnownFileType = sourcecode.swift; path = TicketsHostModel.swift; sourceTree = "<group>"; };
		69B128AF2DD90B4D00D09ED0 /* TicketsView.swift */ = {isa = PBXFileReference; lastKnownFileType = sourcecode.swift; path = TicketsView.swift; sourceTree = "<group>"; };
		69B128B02DD90B4D00D09ED0 /* TicketsViewModel.swift */ = {isa = PBXFileReference; lastKnownFileType = sourcecode.swift; path = TicketsViewModel.swift; sourceTree = "<group>"; };
		69B128C02DD91D5600D09ED0 /* Ticket.swift */ = {isa = PBXFileReference; lastKnownFileType = sourcecode.swift; path = Ticket.swift; sourceTree = "<group>"; };
		69B128C22DD9203C00D09ED0 /* AddEditTicketHostModel.swift */ = {isa = PBXFileReference; lastKnownFileType = sourcecode.swift; path = AddEditTicketHostModel.swift; sourceTree = "<group>"; };
		69B128C32DD9203C00D09ED0 /* AddEditTicketView.swift */ = {isa = PBXFileReference; lastKnownFileType = sourcecode.swift; path = AddEditTicketView.swift; sourceTree = "<group>"; };
		69B128C42DD9203C00D09ED0 /* AddEditTicketViewModel.swift */ = {isa = PBXFileReference; lastKnownFileType = sourcecode.swift; path = AddEditTicketViewModel.swift; sourceTree = "<group>"; };
		69B128CB2DD9390900D09ED0 /* ShareSheet.swift */ = {isa = PBXFileReference; lastKnownFileType = sourcecode.swift; path = ShareSheet.swift; sourceTree = "<group>"; };
		69B128D02DD954D900D09ED0 /* VerifyTicketHostModel.swift */ = {isa = PBXFileReference; lastKnownFileType = sourcecode.swift; path = VerifyTicketHostModel.swift; sourceTree = "<group>"; };
		69B128D12DD954D900D09ED0 /* VerifyTicketView.swift */ = {isa = PBXFileReference; lastKnownFileType = sourcecode.swift; path = VerifyTicketView.swift; sourceTree = "<group>"; };
		69B128D22DD954D900D09ED0 /* VerifyTicketViewModel.swift */ = {isa = PBXFileReference; lastKnownFileType = sourcecode.swift; path = VerifyTicketViewModel.swift; sourceTree = "<group>"; };
/* End PBXFileReference section */

/* Begin PBXFrameworksBuildPhase section */
		69796A052DC8853700E7E72A /* Frameworks */ = {
			isa = PBXFrameworksBuildPhase;
			buildActionMask = 2147483647;
			files = (
				691533012DD0664A00742CD7 /* Combine.framework in Frameworks */,
				69655FC02DD16EFF0080AE16 /* SwipeActions in Frameworks */,
				691533032DD0664F00742CD7 /* SwiftUI.framework in Frameworks */,
				691532ED2DCFCE7A00742CD7 /* KeychainSwift in Frameworks */,
				69B128CF2DD9535800D09ED0 /* MijickCamera in Frameworks */,
				6915330F2DD0697B00742CD7 /* NiceComponents in Frameworks */,
				691533112DD0697B00742CD7 /* NiceInit in Frameworks */,
			);
			runOnlyForDeploymentPostprocessing = 0;
		};
/* End PBXFrameworksBuildPhase section */

/* Begin PBXGroup section */
		69001E942DDC36160048F28A /* GroupResults */ = {
			isa = PBXGroup;
			children = (
				69001E912DDC36160048F28A /* GroupResultsHostModel.swift */,
				69001E922DDC36160048F28A /* GroupResultsView.swift */,
				69001E932DDC36160048F28A /* GroupResultsViewModel.swift */,
			);
			path = GroupResults;
			sourceTree = "<group>";
		};
		691532E32DCFCB3B00742CD7 /* Testing-System */ = {
			isa = PBXGroup;
			children = (
				691532F22DCFCF1100742CD7 /* Utils */,
				691532E92DCFCB5200742CD7 /* API */,
				691532E82DCFCB4E00742CD7 /* Flows */,
				691532E72DCFCB4000742CD7 /* MainApp */,
				691532E02DCFCB3B00742CD7 /* Assets.xcassets */,
			);
			path = "Testing-System";
			sourceTree = "<group>";
		};
		691532E72DCFCB4000742CD7 /* MainApp */ = {
			isa = PBXGroup;
			children = (
				6991C5CF2DDAF3DB0008A046 /* AppDelegate.swift */,
				691532EE2DCFCE9000742CD7 /* AppManager.swift */,
				691532E22DCFCB3B00742CD7 /* Testing_SystemApp.swift */,
			);
			path = MainApp;
			sourceTree = "<group>";
		};
		691532E82DCFCB4E00742CD7 /* Flows */ = {
			isa = PBXGroup;
			children = (
				69655FAA2DD157430080AE16 /* Courses */,
				691533172DD06E1200742CD7 /* Signup */,
				691532FC2DCFED7400742CD7 /* Login */,
				691532EA2DCFCB5B00742CD7 /* InitView */,
			);
			path = Flows;
			sourceTree = "<group>";
		};
		691532E92DCFCB5200742CD7 /* API */ = {
			isa = PBXGroup;
			children = (
				691532F52DCFE08700742CD7 /* Models */,
				69655FB42DD15C5F0080AE16 /* URLBuilder.swift */,
				69655FB22DD15C100080AE16 /* APIConnector.swift */,
				691532F02DCFCE9C00742CD7 /* Store.swift */,
			);
			path = API;
			sourceTree = "<group>";
		};
		691532EA2DCFCB5B00742CD7 /* InitView */ = {
			isa = PBXGroup;
			children = (
				691532E12DCFCB3B00742CD7 /* InitView.swift */,
				691532F82DCFE2BA00742CD7 /* InitViewModel.swift */,
				691532FA2DCFE9E800742CD7 /* InitHostModel.swift */,
			);
			path = InitView;
			sourceTree = "<group>";
		};
		691532F22DCFCF1100742CD7 /* Utils */ = {
			isa = PBXGroup;
			children = (
				691533052DD066B900742CD7 /* BaseHostModel.swift */,
				691532F32DCFCF1F00742CD7 /* String+Utils.swift */,
				691533122DD06BAF00742CD7 /* SerialTasks.swift */,
				6915331B2DD07A3300742CD7 /* BackNavigation.swift */,
				69B128CB2DD9390900D09ED0 /* ShareSheet.swift */,
			);
			path = Utils;
			sourceTree = "<group>";
		};
		691532F52DCFE08700742CD7 /* Models */ = {
			isa = PBXGroup;
			children = (
				69655FB62DD160DF0080AE16 /* LoginResponse.swift */,
				69655FAF2DD15BF10080AE16 /* SignupRequest.swift */,
				69655FB82DD161370080AE16 /* LoginRequest.swift */,
				69655FBA2DD16CA70080AE16 /* Course.swift */,
				69B128982DD902DD00D09ED0 /* Question.swift */,
				69655FBC2DD16DF70080AE16 /* EmptyModel.swift */,
				69B128C02DD91D5600D09ED0 /* Ticket.swift */,
				69001E8F2DDC2BE30048F28A /* TicketCheckResult.swift */,
				69001E982DDC37770048F28A /* StudentResult.swift */,
				69001E9C2DDC39380048F28A /* GroupName.swift */,
			);
			path = Models;
			sourceTree = "<group>";
		};
		691532FC2DCFED7400742CD7 /* Login */ = {
			isa = PBXGroup;
			children = (
				691533072DD0680200742CD7 /* LoginHostModel.swift */,
				691533082DD0680200742CD7 /* LoginView.swift */,
				691533092DD0680200742CD7 /* LoginViewModel.swift */,
			);
			path = Login;
			sourceTree = "<group>";
		};
		691532FF2DD0664900742CD7 /* Frameworks */ = {
			isa = PBXGroup;
			children = (
				691533022DD0664F00742CD7 /* SwiftUI.framework */,
				691533002DD0664A00742CD7 /* Combine.framework */,
			);
			name = Frameworks;
			sourceTree = "<group>";
		};
		691533172DD06E1200742CD7 /* Signup */ = {
			isa = PBXGroup;
			children = (
				691533142DD06E1200742CD7 /* SignupHostModel.swift */,
				691533152DD06E1200742CD7 /* SignupView.swift */,
				691533162DD06E1200742CD7 /* SignupViewModel.swift */,
			);
			path = Signup;
			sourceTree = "<group>";
		};
		69655FAA2DD157430080AE16 /* Courses */ = {
			isa = PBXGroup;
			children = (
				69B128B32DD90B4D00D09ED0 /* Course */,
				69655FC22DD1714F0080AE16 /* AddEditCourse */,
				69655FC12DD171450080AE16 /* Main */,
			);
			path = Courses;
			sourceTree = "<group>";
		};
		69655FC12DD171450080AE16 /* Main */ = {
			isa = PBXGroup;
			children = (
				69655FA72DD157430080AE16 /* CoursesHostModel.swift */,
				69655FA82DD157430080AE16 /* CoursesView.swift */,
				69655FA92DD157430080AE16 /* CoursesViewModel.swift */,
			);
			path = Main;
			sourceTree = "<group>";
		};
		69655FC22DD1714F0080AE16 /* AddEditCourse */ = {
			isa = PBXGroup;
			children = (
				69655FC32DD171630080AE16 /* AddEditCourseHostModel.swift */,
				69655FC42DD171630080AE16 /* AddEditCourseView.swift */,
				69655FC52DD171630080AE16 /* AddEditCourseViewModel.swift */,
			);
			path = AddEditCourse;
			sourceTree = "<group>";
		};
		697969FF2DC8853700E7E72A = {
			isa = PBXGroup;
			children = (
				691532E32DCFCB3B00742CD7 /* Testing-System */,
				691532FF2DD0664900742CD7 /* Frameworks */,
				69796A092DC8853700E7E72A /* Products */,
			);
			sourceTree = "<group>";
		};
		69796A092DC8853700E7E72A /* Products */ = {
			isa = PBXGroup;
			children = (
				69796A082DC8853700E7E72A /* Testing-System.app */,
			);
			name = Products;
			sourceTree = "<group>";
		};
		69B128A42DD90B4D00D09ED0 /* Main */ = {
			isa = PBXGroup;
			children = (
				69B128A12DD90B4D00D09ED0 /* CourseHostModel.swift */,
				69B128A22DD90B4D00D09ED0 /* CourseView.swift */,
				69B128A32DD90B4D00D09ED0 /* CourseViewModel.swift */,
			);
			path = Main;
			sourceTree = "<group>";
		};
		69B128A82DD90B4D00D09ED0 /* AddEditQuestion */ = {
			isa = PBXGroup;
			children = (
				69B128A52DD90B4D00D09ED0 /* AddEditQuestionHostModel.swift */,
				69B128A62DD90B4D00D09ED0 /* AddEditQuestionView.swift */,
				69B128A72DD90B4D00D09ED0 /* AddEditQuestionViewModel.swift */,
			);
			path = AddEditQuestion;
			sourceTree = "<group>";
		};
		69B128AC2DD90B4D00D09ED0 /* Main */ = {
			isa = PBXGroup;
			children = (
				69B128A92DD90B4D00D09ED0 /* QuestionsHostModel.swift */,
				69B128AA2DD90B4D00D09ED0 /* QuestionsView.swift */,
				69B128AB2DD90B4D00D09ED0 /* QuestionsViewModel.swift */,
			);
			path = Main;
			sourceTree = "<group>";
		};
		69B128AD2DD90B4D00D09ED0 /* Questions */ = {
			isa = PBXGroup;
			children = (
				69B128A82DD90B4D00D09ED0 /* AddEditQuestion */,
				69B128AC2DD90B4D00D09ED0 /* Main */,
			);
			path = Questions;
			sourceTree = "<group>";
		};
		69B128B12DD90B4D00D09ED0 /* Main */ = {
			isa = PBXGroup;
			children = (
				69B128AE2DD90B4D00D09ED0 /* TicketsHostModel.swift */,
				69B128AF2DD90B4D00D09ED0 /* TicketsView.swift */,
				69B128B02DD90B4D00D09ED0 /* TicketsViewModel.swift */,
			);
			path = Main;
			sourceTree = "<group>";
		};
		69B128B22DD90B4D00D09ED0 /* Tickets */ = {
			isa = PBXGroup;
			children = (
				69B128D32DD954D900D09ED0 /* VerifyTicket */,
				69B128C52DD9203C00D09ED0 /* AddEditTicket */,
				69B128B12DD90B4D00D09ED0 /* Main */,
			);
			path = Tickets;
			sourceTree = "<group>";
		};
		69B128B32DD90B4D00D09ED0 /* Course */ = {
			isa = PBXGroup;
			children = (
				69001E942DDC36160048F28A /* GroupResults */,
				69B128A42DD90B4D00D09ED0 /* Main */,
				69B128AD2DD90B4D00D09ED0 /* Questions */,
				69B128B22DD90B4D00D09ED0 /* Tickets */,
			);
			path = Course;
			sourceTree = "<group>";
		};
		69B128C52DD9203C00D09ED0 /* AddEditTicket */ = {
			isa = PBXGroup;
			children = (
				69B128C22DD9203C00D09ED0 /* AddEditTicketHostModel.swift */,
				69B128C32DD9203C00D09ED0 /* AddEditTicketView.swift */,
				69B128C42DD9203C00D09ED0 /* AddEditTicketViewModel.swift */,
			);
			path = AddEditTicket;
			sourceTree = "<group>";
		};
		69B128D32DD954D900D09ED0 /* VerifyTicket */ = {
			isa = PBXGroup;
			children = (
				69B128D02DD954D900D09ED0 /* VerifyTicketHostModel.swift */,
				69B128D12DD954D900D09ED0 /* VerifyTicketView.swift */,
				69B128D22DD954D900D09ED0 /* VerifyTicketViewModel.swift */,
			);
			path = VerifyTicket;
			sourceTree = "<group>";
		};
/* End PBXGroup section */

/* Begin PBXNativeTarget section */
		69796A072DC8853700E7E72A /* Testing-System */ = {
			isa = PBXNativeTarget;
			buildConfigurationList = 69796A162DC8853700E7E72A /* Build configuration list for PBXNativeTarget "Testing-System" */;
			buildPhases = (
				69796A042DC8853700E7E72A /* Sources */,
				69796A052DC8853700E7E72A /* Frameworks */,
				69796A062DC8853700E7E72A /* Resources */,
			);
			buildRules = (
			);
			dependencies = (
			);
			name = "Testing-System";
			packageProductDependencies = (
				691532EC2DCFCE7A00742CD7 /* KeychainSwift */,
				6915330E2DD0697B00742CD7 /* NiceComponents */,
				691533102DD0697B00742CD7 /* NiceInit */,
				69655FBF2DD16EFF0080AE16 /* SwipeActions */,
				69B128CE2DD9535800D09ED0 /* MijickCamera */,
			);
			productName = "Testing-System";
			productReference = 69796A082DC8853700E7E72A /* Testing-System.app */;
			productType = "com.apple.product-type.application";
		};
/* End PBXNativeTarget section */

/* Begin PBXProject section */
		69796A002DC8853700E7E72A /* Project object */ = {
			isa = PBXProject;
			attributes = {
				BuildIndependentTargetsInParallel = 1;
				LastSwiftUpdateCheck = 1620;
				LastUpgradeCheck = 1620;
				TargetAttributes = {
					69796A072DC8853700E7E72A = {
						CreatedOnToolsVersion = 16.2;
					};
				};
			};
			buildConfigurationList = 69796A032DC8853700E7E72A /* Build configuration list for PBXProject "Testing-System" */;
			developmentRegion = en;
			hasScannedForEncodings = 0;
			knownRegions = (
				en,
				Base,
			);
			mainGroup = 697969FF2DC8853700E7E72A;
			minimizedProjectReferenceProxies = 1;
			packageReferences = (
				691532EB2DCFCE7A00742CD7 /* XCRemoteSwiftPackageReference "keychain-swift" */,
				6915330D2DD0697B00742CD7 /* XCRemoteSwiftPackageReference "niceComponents" */,
				69655FBE2DD16EFF0080AE16 /* XCRemoteSwiftPackageReference "SwipeActions" */,
				69B128CD2DD9535800D09ED0 /* XCRemoteSwiftPackageReference "Camera" */,
			);
			preferredProjectObjectVersion = 77;
			productRefGroup = 69796A092DC8853700E7E72A /* Products */;
			projectDirPath = "";
			projectRoot = "";
			targets = (
				69796A072DC8853700E7E72A /* Testing-System */,
			);
		};
/* End PBXProject section */

/* Begin PBXResourcesBuildPhase section */
		69796A062DC8853700E7E72A /* Resources */ = {
			isa = PBXResourcesBuildPhase;
			buildActionMask = 2147483647;
			files = (
				691532E42DCFCB3B00742CD7 /* Assets.xcassets in Resources */,
			);
			runOnlyForDeploymentPostprocessing = 0;
		};
/* End PBXResourcesBuildPhase section */

/* Begin PBXSourcesBuildPhase section */
		69796A042DC8853700E7E72A /* Sources */ = {
			isa = PBXSourcesBuildPhase;
			buildActionMask = 2147483647;
			files = (
				69B128B42DD90B4D00D09ED0 /* TicketsView.swift in Sources */,
				69B128B52DD90B4D00D09ED0 /* TicketsViewModel.swift in Sources */,
				69B128B62DD90B4D00D09ED0 /* QuestionsView.swift in Sources */,
				69B128B72DD90B4D00D09ED0 /* TicketsHostModel.swift in Sources */,
				69001E992DDC37880048F28A /* StudentResult.swift in Sources */,
				69B128B82DD90B4D00D09ED0 /* AddEditQuestionView.swift in Sources */,
				69B128B92DD90B4D00D09ED0 /* CourseViewModel.swift in Sources */,
				69B128BA2DD90B4D00D09ED0 /* QuestionsViewModel.swift in Sources */,
				69B128CC2DD9390A00D09ED0 /* ShareSheet.swift in Sources */,
				69B128BB2DD90B4D00D09ED0 /* QuestionsHostModel.swift in Sources */,
				69B128BC2DD90B4D00D09ED0 /* CourseHostModel.swift in Sources */,
				69B128BD2DD90B4D00D09ED0 /* AddEditQuestionViewModel.swift in Sources */,
				69B128BE2DD90B4D00D09ED0 /* CourseView.swift in Sources */,
				69B128BF2DD90B4D00D09ED0 /* AddEditQuestionHostModel.swift in Sources */,
				69001E902DDC2BEB0048F28A /* TicketCheckResult.swift in Sources */,
				6915331C2DD07A4300742CD7 /* BackNavigation.swift in Sources */,
				69655FB02DD15BF70080AE16 /* SignupRequest.swift in Sources */,
				69B128D42DD954D900D09ED0 /* VerifyTicketHostModel.swift in Sources */,
				69B128D52DD954D900D09ED0 /* VerifyTicketView.swift in Sources */,
				69B128D62DD954D900D09ED0 /* VerifyTicketViewModel.swift in Sources */,
				69655FB72DD160E30080AE16 /* LoginResponse.swift in Sources */,
				691532F42DCFCF2300742CD7 /* String+Utils.swift in Sources */,
				69655FB52DD15C630080AE16 /* URLBuilder.swift in Sources */,
				69655FB32DD15C150080AE16 /* APIConnector.swift in Sources */,
				69655FAB2DD157430080AE16 /* CoursesViewModel.swift in Sources */,
				69655FAC2DD157430080AE16 /* CoursesView.swift in Sources */,
				69655FAD2DD157430080AE16 /* CoursesHostModel.swift in Sources */,
				69B128992DD902E100D09ED0 /* Question.swift in Sources */,
				69655FBD2DD16DF90080AE16 /* EmptyModel.swift in Sources */,
				69655FB92DD161370080AE16 /* LoginRequest.swift in Sources */,
				691532EF2DCFCE9000742CD7 /* AppManager.swift in Sources */,
				691533132DD06BAF00742CD7 /* SerialTasks.swift in Sources */,
				691533182DD06E1200742CD7 /* SignupHostModel.swift in Sources */,
				69001E952DDC36160048F28A /* GroupResultsView.swift in Sources */,
				69001E962DDC36160048F28A /* GroupResultsViewModel.swift in Sources */,
				69001E9D2DDC393B0048F28A /* GroupName.swift in Sources */,
				69001E972DDC36160048F28A /* GroupResultsHostModel.swift in Sources */,
				691533192DD06E1200742CD7 /* SignupView.swift in Sources */,
				6915331A2DD06E1200742CD7 /* SignupViewModel.swift in Sources */,
				691532E52DCFCB3B00742CD7 /* InitView.swift in Sources */,
				691532E62DCFCB3B00742CD7 /* Testing_SystemApp.swift in Sources */,
				691532F12DCFCE9C00742CD7 /* Store.swift in Sources */,
				691533062DD066BC00742CD7 /* BaseHostModel.swift in Sources */,
				69B128C62DD9203C00D09ED0 /* AddEditTicketViewModel.swift in Sources */,
				69B128C72DD9203C00D09ED0 /* AddEditTicketHostModel.swift in Sources */,
				69B128C82DD9203C00D09ED0 /* AddEditTicketView.swift in Sources */,
				69655FC62DD171630080AE16 /* AddEditCourseHostModel.swift in Sources */,
				69655FC72DD171630080AE16 /* AddEditCourseViewModel.swift in Sources */,
				69655FC82DD171630080AE16 /* AddEditCourseView.swift in Sources */,
				691532FB2DCFE9F200742CD7 /* InitHostModel.swift in Sources */,
				69B128C12DD91D5800D09ED0 /* Ticket.swift in Sources */,
				691532F92DCFE2BD00742CD7 /* InitViewModel.swift in Sources */,
				6915330A2DD0680200742CD7 /* LoginView.swift in Sources */,
				69655FBB2DD16CB00080AE16 /* Course.swift in Sources */,
				6915330B2DD0680200742CD7 /* LoginHostModel.swift in Sources */,
				6915330C2DD0680200742CD7 /* LoginViewModel.swift in Sources */,
				6991C5D02DDAF3DC0008A046 /* AppDelegate.swift in Sources */,
			);
			runOnlyForDeploymentPostprocessing = 0;
		};
/* End PBXSourcesBuildPhase section */

/* Begin XCBuildConfiguration section */
		69796A142DC8853700E7E72A /* Debug */ = {
			isa = XCBuildConfiguration;
			buildSettings = {
				ALWAYS_SEARCH_USER_PATHS = NO;
				ASSETCATALOG_COMPILER_GENERATE_SWIFT_ASSET_SYMBOL_EXTENSIONS = YES;
				CLANG_ANALYZER_NONNULL = YES;
				CLANG_ANALYZER_NUMBER_OBJECT_CONVERSION = YES_AGGRESSIVE;
				CLANG_CXX_LANGUAGE_STANDARD = "gnu++20";
				CLANG_ENABLE_MODULES = YES;
				CLANG_ENABLE_OBJC_ARC = YES;
				CLANG_ENABLE_OBJC_WEAK = YES;
				CLANG_WARN_BLOCK_CAPTURE_AUTORELEASING = YES;
				CLANG_WARN_BOOL_CONVERSION = YES;
				CLANG_WARN_COMMA = YES;
				CLANG_WARN_CONSTANT_CONVERSION = YES;
				CLANG_WARN_DEPRECATED_OBJC_IMPLEMENTATIONS = YES;
				CLANG_WARN_DIRECT_OBJC_ISA_USAGE = YES_ERROR;
				CLANG_WARN_DOCUMENTATION_COMMENTS = YES;
				CLANG_WARN_EMPTY_BODY = YES;
				CLANG_WARN_ENUM_CONVERSION = YES;
				CLANG_WARN_INFINITE_RECURSION = YES;
				CLANG_WARN_INT_CONVERSION = YES;
				CLANG_WARN_NON_LITERAL_NULL_CONVERSION = YES;
				CLANG_WARN_OBJC_IMPLICIT_RETAIN_SELF = YES;
				CLANG_WARN_OBJC_LITERAL_CONVERSION = YES;
				CLANG_WARN_OBJC_ROOT_CLASS = YES_ERROR;
				CLANG_WARN_QUOTED_INCLUDE_IN_FRAMEWORK_HEADER = YES;
				CLANG_WARN_RANGE_LOOP_ANALYSIS = YES;
				CLANG_WARN_STRICT_PROTOTYPES = YES;
				CLANG_WARN_SUSPICIOUS_MOVE = YES;
				CLANG_WARN_UNGUARDED_AVAILABILITY = YES_AGGRESSIVE;
				CLANG_WARN_UNREACHABLE_CODE = YES;
				CLANG_WARN__DUPLICATE_METHOD_MATCH = YES;
				COPY_PHASE_STRIP = NO;
				DEBUG_INFORMATION_FORMAT = dwarf;
				ENABLE_STRICT_OBJC_MSGSEND = YES;
				ENABLE_TESTABILITY = YES;
				ENABLE_USER_SCRIPT_SANDBOXING = YES;
				GCC_C_LANGUAGE_STANDARD = gnu17;
				GCC_DYNAMIC_NO_PIC = NO;
				GCC_NO_COMMON_BLOCKS = YES;
				GCC_OPTIMIZATION_LEVEL = 0;
				GCC_PREPROCESSOR_DEFINITIONS = (
					"DEBUG=1",
					"$(inherited)",
				);
				GCC_WARN_64_TO_32_BIT_CONVERSION = YES;
				GCC_WARN_ABOUT_RETURN_TYPE = YES_ERROR;
				GCC_WARN_UNDECLARED_SELECTOR = YES;
				GCC_WARN_UNINITIALIZED_AUTOS = YES_AGGRESSIVE;
				GCC_WARN_UNUSED_FUNCTION = YES;
				GCC_WARN_UNUSED_VARIABLE = YES;
				IPHONEOS_DEPLOYMENT_TARGET = 18.0;
				LOCALIZATION_PREFERS_STRING_CATALOGS = YES;
				MTL_ENABLE_DEBUG_INFO = INCLUDE_SOURCE;
				MTL_FAST_MATH = YES;
				ONLY_ACTIVE_ARCH = YES;
				SDKROOT = iphoneos;
				SWIFT_ACTIVE_COMPILATION_CONDITIONS = "DEBUG $(inherited)";
				SWIFT_OPTIMIZATION_LEVEL = "-Onone";
			};
			name = Debug;
		};
		69796A152DC8853700E7E72A /* Release */ = {
			isa = XCBuildConfiguration;
			buildSettings = {
				ALWAYS_SEARCH_USER_PATHS = NO;
				ASSETCATALOG_COMPILER_GENERATE_SWIFT_ASSET_SYMBOL_EXTENSIONS = YES;
				CLANG_ANALYZER_NONNULL = YES;
				CLANG_ANALYZER_NUMBER_OBJECT_CONVERSION = YES_AGGRESSIVE;
				CLANG_CXX_LANGUAGE_STANDARD = "gnu++20";
				CLANG_ENABLE_MODULES = YES;
				CLANG_ENABLE_OBJC_ARC = YES;
				CLANG_ENABLE_OBJC_WEAK = YES;
				CLANG_WARN_BLOCK_CAPTURE_AUTORELEASING = YES;
				CLANG_WARN_BOOL_CONVERSION = YES;
				CLANG_WARN_COMMA = YES;
				CLANG_WARN_CONSTANT_CONVERSION = YES;
				CLANG_WARN_DEPRECATED_OBJC_IMPLEMENTATIONS = YES;
				CLANG_WARN_DIRECT_OBJC_ISA_USAGE = YES_ERROR;
				CLANG_WARN_DOCUMENTATION_COMMENTS = YES;
				CLANG_WARN_EMPTY_BODY = YES;
				CLANG_WARN_ENUM_CONVERSION = YES;
				CLANG_WARN_INFINITE_RECURSION = YES;
				CLANG_WARN_INT_CONVERSION = YES;
				CLANG_WARN_NON_LITERAL_NULL_CONVERSION = YES;
				CLANG_WARN_OBJC_IMPLICIT_RETAIN_SELF = YES;
				CLANG_WARN_OBJC_LITERAL_CONVERSION = YES;
				CLANG_WARN_OBJC_ROOT_CLASS = YES_ERROR;
				CLANG_WARN_QUOTED_INCLUDE_IN_FRAMEWORK_HEADER = YES;
				CLANG_WARN_RANGE_LOOP_ANALYSIS = YES;
				CLANG_WARN_STRICT_PROTOTYPES = YES;
				CLANG_WARN_SUSPICIOUS_MOVE = YES;
				CLANG_WARN_UNGUARDED_AVAILABILITY = YES_AGGRESSIVE;
				CLANG_WARN_UNREACHABLE_CODE = YES;
				CLANG_WARN__DUPLICATE_METHOD_MATCH = YES;
				COPY_PHASE_STRIP = NO;
				DEBUG_INFORMATION_FORMAT = "dwarf-with-dsym";
				ENABLE_NS_ASSERTIONS = NO;
				ENABLE_STRICT_OBJC_MSGSEND = YES;
				ENABLE_USER_SCRIPT_SANDBOXING = YES;
				GCC_C_LANGUAGE_STANDARD = gnu17;
				GCC_NO_COMMON_BLOCKS = YES;
				GCC_WARN_64_TO_32_BIT_CONVERSION = YES;
				GCC_WARN_ABOUT_RETURN_TYPE = YES_ERROR;
				GCC_WARN_UNDECLARED_SELECTOR = YES;
				GCC_WARN_UNINITIALIZED_AUTOS = YES_AGGRESSIVE;
				GCC_WARN_UNUSED_FUNCTION = YES;
				GCC_WARN_UNUSED_VARIABLE = YES;
				IPHONEOS_DEPLOYMENT_TARGET = 18.0;
				LOCALIZATION_PREFERS_STRING_CATALOGS = YES;
				MTL_ENABLE_DEBUG_INFO = NO;
				MTL_FAST_MATH = YES;
				SDKROOT = iphoneos;
				SWIFT_COMPILATION_MODE = wholemodule;
				VALIDATE_PRODUCT = YES;
			};
			name = Release;
		};
		69796A172DC8853700E7E72A /* Debug */ = {
			isa = XCBuildConfiguration;
			buildSettings = {
				ASSETCATALOG_COMPILER_APPICON_NAME = AppIcon;
				ASSETCATALOG_COMPILER_GLOBAL_ACCENT_COLOR_NAME = AccentColor;
				CODE_SIGN_STYLE = Automatic;
				CURRENT_PROJECT_VERSION = 1;
				DEVELOPMENT_TEAM = XTNZ55VU44;
				ENABLE_PREVIEWS = YES;
				GENERATE_INFOPLIST_FILE = YES;
				INFOPLIST_KEY_NSCameraUsageDescription = "We are going to check tickets using camera";
				INFOPLIST_KEY_NSMicrophoneUsageDescription = "We need to have camera working";
				INFOPLIST_KEY_UIApplicationSceneManifest_Generation = YES;
				INFOPLIST_KEY_UIApplicationSupportsIndirectInputEvents = YES;
				INFOPLIST_KEY_UILaunchScreen_Generation = YES;
				INFOPLIST_KEY_UISupportedInterfaceOrientations_iPad = "UIInterfaceOrientationPortrait UIInterfaceOrientationPortraitUpsideDown UIInterfaceOrientationLandscapeLeft UIInterfaceOrientationLandscapeRight";
				INFOPLIST_KEY_UISupportedInterfaceOrientations_iPhone = "UIInterfaceOrientationPortrait UIInterfaceOrientationLandscapeLeft UIInterfaceOrientationLandscapeRight";
				LD_RUNPATH_SEARCH_PATHS = (
					"$(inherited)",
					"@executable_path/Frameworks",
				);
				MARKETING_VERSION = 1.0;
				PRODUCT_BUNDLE_IDENTIFIER = "com.testing-system.Testing-System";
				PRODUCT_NAME = "$(TARGET_NAME)";
				SWIFT_EMIT_LOC_STRINGS = YES;
				SWIFT_VERSION = 5.0;
				TARGETED_DEVICE_FAMILY = "1,2";
			};
			name = Debug;
		};
		69796A182DC8853700E7E72A /* Release */ = {
			isa = XCBuildConfiguration;
			buildSettings = {
				ASSETCATALOG_COMPILER_APPICON_NAME = AppIcon;
				ASSETCATALOG_COMPILER_GLOBAL_ACCENT_COLOR_NAME = AccentColor;
				CODE_SIGN_STYLE = Automatic;
				CURRENT_PROJECT_VERSION = 1;
				DEVELOPMENT_TEAM = XTNZ55VU44;
				ENABLE_PREVIEWS = YES;
				GENERATE_INFOPLIST_FILE = YES;
				INFOPLIST_KEY_NSCameraUsageDescription = "We are going to check tickets using camera";
				INFOPLIST_KEY_NSMicrophoneUsageDescription = "We need to have camera working";
				INFOPLIST_KEY_UIApplicationSceneManifest_Generation = YES;
				INFOPLIST_KEY_UIApplicationSupportsIndirectInputEvents = YES;
				INFOPLIST_KEY_UILaunchScreen_Generation = YES;
				INFOPLIST_KEY_UISupportedInterfaceOrientations_iPad = "UIInterfaceOrientationPortrait UIInterfaceOrientationPortraitUpsideDown UIInterfaceOrientationLandscapeLeft UIInterfaceOrientationLandscapeRight";
				INFOPLIST_KEY_UISupportedInterfaceOrientations_iPhone = "UIInterfaceOrientationPortrait UIInterfaceOrientationLandscapeLeft UIInterfaceOrientationLandscapeRight";
				LD_RUNPATH_SEARCH_PATHS = (
					"$(inherited)",
					"@executable_path/Frameworks",
				);
				MARKETING_VERSION = 1.0;
				PRODUCT_BUNDLE_IDENTIFIER = "com.testing-system.Testing-System";
				PRODUCT_NAME = "$(TARGET_NAME)";
				SWIFT_EMIT_LOC_STRINGS = YES;
				SWIFT_VERSION = 5.0;
				TARGETED_DEVICE_FAMILY = "1,2";
			};
			name = Release;
		};
/* End XCBuildConfiguration section */

/* Begin XCConfigurationList section */
		69796A032DC8853700E7E72A /* Build configuration list for PBXProject "Testing-System" */ = {
			isa = XCConfigurationList;
			buildConfigurations = (
				69796A142DC8853700E7E72A /* Debug */,
				69796A152DC8853700E7E72A /* Release */,
			);
			defaultConfigurationIsVisible = 0;
			defaultConfigurationName = Release;
		};
		69796A162DC8853700E7E72A /* Build configuration list for PBXNativeTarget "Testing-System" */ = {
			isa = XCConfigurationList;
			buildConfigurations = (
				69796A172DC8853700E7E72A /* Debug */,
				69796A182DC8853700E7E72A /* Release */,
			);
			defaultConfigurationIsVisible = 0;
			defaultConfigurationName = Release;
		};
/* End XCConfigurationList section */

/* Begin XCRemoteSwiftPackageReference section */
		691532EB2DCFCE7A00742CD7 /* XCRemoteSwiftPackageReference "keychain-swift" */ = {
			isa = XCRemoteSwiftPackageReference;
			repositoryURL = "https://github.com/evgenyneu/keychain-swift.git";
			requirement = {
				kind = upToNextMajorVersion;
				minimumVersion = 24.0.0;
			};
		};
		6915330D2DD0697B00742CD7 /* XCRemoteSwiftPackageReference "niceComponents" */ = {
			isa = XCRemoteSwiftPackageReference;
			repositoryURL = "https://github.com/steamclock/niceComponents";
			requirement = {
				kind = upToNextMajorVersion;
				minimumVersion = 2.1.1;
			};
		};
		69655FBE2DD16EFF0080AE16 /* XCRemoteSwiftPackageReference "SwipeActions" */ = {
			isa = XCRemoteSwiftPackageReference;
			repositoryURL = "https://github.com/aheze/SwipeActions";
			requirement = {
				kind = upToNextMajorVersion;
				minimumVersion = 1.1.0;
			};
		};
		69B128CD2DD9535800D09ED0 /* XCRemoteSwiftPackageReference "Camera" */ = {
			isa = XCRemoteSwiftPackageReference;
			repositoryURL = "https://github.com/Mijick/Camera";
			requirement = {
				kind = upToNextMajorVersion;
				minimumVersion = 3.0.2;
			};
		};
/* End XCRemoteSwiftPackageReference section */

/* Begin XCSwiftPackageProductDependency section */
		691532EC2DCFCE7A00742CD7 /* KeychainSwift */ = {
			isa = XCSwiftPackageProductDependency;
			package = 691532EB2DCFCE7A00742CD7 /* XCRemoteSwiftPackageReference "keychain-swift" */;
			productName = KeychainSwift;
		};
		6915330E2DD0697B00742CD7 /* NiceComponents */ = {
			isa = XCSwiftPackageProductDependency;
			package = 6915330D2DD0697B00742CD7 /* XCRemoteSwiftPackageReference "niceComponents" */;
			productName = NiceComponents;
		};
		691533102DD0697B00742CD7 /* NiceInit */ = {
			isa = XCSwiftPackageProductDependency;
			package = 6915330D2DD0697B00742CD7 /* XCRemoteSwiftPackageReference "niceComponents" */;
			productName = NiceInit;
		};
		69655FBF2DD16EFF0080AE16 /* SwipeActions */ = {
			isa = XCSwiftPackageProductDependency;
			package = 69655FBE2DD16EFF0080AE16 /* XCRemoteSwiftPackageReference "SwipeActions" */;
			productName = SwipeActions;
		};
		69B128CE2DD9535800D09ED0 /* MijickCamera */ = {
			isa = XCSwiftPackageProductDependency;
			package = 69B128CD2DD9535800D09ED0 /* XCRemoteSwiftPackageReference "Camera" */;
			productName = MijickCamera;
		};
/* End XCSwiftPackageProductDependency section */
	};
	rootObject = 69796A002DC8853700E7E72A /* Project object */;
}
