{
  "originHash" : "ca1374b6aa4423389538397bc735abf5cc8319e444d75aae2c10ec88d5c07d78",
  "pins" : [
    {
      "identity" : "camera",
      "kind" : "remoteSourceControl",
      "location" : "https://github.com/Mijick/Camera",
      "state" : {
        "revision" : "3cb2b56003910f765d7a5d39d2c2cb49717519cf",
        "version" : "3.0.2"
      }
    },
    {
      "identity" : "keychain-swift",
      "kind" : "remoteSourceControl",
      "location" : "https://github.com/evgenyneu/keychain-swift.git",
      "state" : {
        "revision" : "5e1b02b6a9dac2a759a1d5dbc175c86bd192a608",
        "version" : "24.0.0"
      }
    },
    {
      "identity" : "kingfisher",
      "kind" : "remoteSourceControl",
      "location" : "https://github.com/onevcat/Kingfisher.git",
      "state" : {
        "revision" : "2ef543ee21d63734e1c004ad6c870255e8716c50",
        "version" : "7.12.0"
      }
    },
    {
      "identity" : "nicecomponents",
      "kind" : "remoteSourceControl",
      "location" : "https://github.com/steamclock/niceComponents",
      "state" : {
        "revision" : "1f64e23b068cbc421cee518cb3cf49cff7396e8c",
        "version" : "2.1.1"
      }
    },
    {
      "identity" : "swift-syntax",
      "kind" : "remoteSourceControl",
      "location" : "https://github.com/apple/swift-syntax.git",
      "state" : {
        "revision" : "64889f0c732f210a935a0ad7cda38f77f876262d",
        "version" : "509.1.1"
      }
    },
    {
      "identity" : "swipeactions",
      "kind" : "remoteSourceControl",
      "location" : "https://github.com/aheze/SwipeActions",
      "state" : {
        "revision" : "41e6f6dce02d8cfa164f8c5461a41340850ca3ab",
        "version" : "1.1.0"
      }
    },
    {
      "identity" : "timer",
      "kind" : "remoteSourceControl",
      "location" : "https://github.com/Mijick/Timer",
      "state" : {
        "revision" : "342371c33c3f084d82a4818447ba77d858064c85",
        "version" : "2.0.0"
      }
    }
  ],
  "version" : 3
}
